
Microsoft Visual Studio Solution File, Format Version 12.00
# Visual Studio Version 16
VisualStudioVersion = 16.0.29806.167
MinimumVisualStudioVersion = 10.0.40219.1
Project("{9A19103F-16F7-4668-BE54-9A1E7A4F7556}") = "AbstractFactory", "AbstractFactory\AbstractFactory.csproj", "{32482C41-79AE-4916-8B62-4CC15148722F}"
EndProject
Project("{9A19103F-16F7-4668-BE54-9A1E7A4F7556}") = "Builder", "Builder\Builder.csproj", "{8C515F18-A790-42A2-AE01-F0CB30679E2A}"
EndProject
Project("{9A19103F-16F7-4668-BE54-9A1E7A4F7556}") = "FactoryMethod", "FactoryMethod\FactoryMethod.csproj", "{93C92816-DB27-4D2D-AF0F-608A5683A90B}"
EndProject
Project("{9A19103F-16F7-4668-BE54-9A1E7A4F7556}") = "Prototype", "Prototype\Prototype.csproj", "{BEE12372-EE35-4DAE-B3BE-7A4014FEAC0E}"
EndProject
Project("{9A19103F-16F7-4668-BE54-9A1E7A4F7556}") = "Singleton", "Singleton\Singleton.csproj", "{D758B571-CF47-4402-86CF-517E8B4CB70B}"
EndProject
Global
	GlobalSection(SolutionConfigurationPlatforms) = preSolution
		Debug|Any CPU = Debug|Any CPU
		Release|Any CPU = Release|Any CPU
	EndGlobalSection
	GlobalSection(ProjectConfigurationPlatforms) = postSolution
		{32482C41-79AE-4916-8B62-4CC15148722F}.Debug|Any CPU.ActiveCfg = Debug|Any CPU
		{32482C41-79AE-4916-8B62-4CC15148722F}.Debug|Any CPU.Build.0 = Debug|Any CPU
		{32482C41-79AE-4916-8B62-4CC15148722F}.Release|Any CPU.ActiveCfg = Release|Any CPU
		{32482C41-79AE-4916-8B62-4CC15148722F}.Release|Any CPU.Build.0 = Release|Any CPU
		{8C515F18-A790-42A2-AE01-F0CB30679E2A}.Debug|Any CPU.ActiveCfg = Debug|Any CPU
		{8C515F18-A790-42A2-AE01-F0CB30679E2A}.Debug|Any CPU.Build.0 = Debug|Any CPU
		{8C515F18-A790-42A2-AE01-F0CB30679E2A}.Release|Any CPU.ActiveCfg = Release|Any CPU
		{8C515F18-A790-42A2-AE01-F0CB30679E2A}.Release|Any CPU.Build.0 = Release|Any CPU
		{93C92816-DB27-4D2D-AF0F-608A5683A90B}.Debug|Any CPU.ActiveCfg = Debug|Any CPU
		{93C92816-DB27-4D2D-AF0F-608A5683A90B}.Debug|Any CPU.Build.0 = Debug|Any CPU
		{93C92816-DB27-4D2D-AF0F-608A5683A90B}.Release|Any CPU.ActiveCfg = Release|Any CPU
		{93C92816-DB27-4D2D-AF0F-608A5683A90B}.Release|Any CPU.Build.0 = Release|Any CPU
		{BEE12372-EE35-4DAE-B3BE-7A4014FEAC0E}.Debug|Any CPU.ActiveCfg = Debug|Any CPU
		{BEE12372-EE35-4DAE-B3BE-7A4014FEAC0E}.Debug|Any CPU.Build.0 = Debug|Any CPU
		{BEE12372-EE35-4DAE-B3BE-7A4014FEAC0E}.Release|Any CPU.ActiveCfg = Release|Any CPU
		{BEE12372-EE35-4DAE-B3BE-7A4014FEAC0E}.Release|Any CPU.Build.0 = Release|Any CPU
		{D758B571-CF47-4402-86CF-517E8B4CB70B}.Debug|Any CPU.ActiveCfg = Debug|Any CPU
		{D758B571-CF47-4402-86CF-517E8B4CB70B}.Debug|Any CPU.Build.0 = Debug|Any CPU
		{D758B571-CF47-4402-86CF-517E8B4CB70B}.Release|Any CPU.ActiveCfg = Release|Any CPU
		{D758B571-CF47-4402-86CF-517E8B4CB70B}.Release|Any CPU.Build.0 = Release|Any CPU
	EndGlobalSection
	GlobalSection(SolutionProperties) = preSolution
		HideSolutionNode = FALSE
	EndGlobalSection
	GlobalSection(ExtensibilityGlobals) = postSolution
		SolutionGuid = {DAF21BA1-F838-4F19-B0DF-43462B28F55D}
	EndGlobalSection
EndGlobal
